hash: 46d97cf5c06e65af5d9721e3db50d43611acff35d9612e18f937c0331aa283f7
updated: 2018-03-25T14:11:00.753587+02:00
imports:
- name: github.com/asaskevich/EventBus
  version: 68a521d7cbbb7a859c2608b06342f384b3bd5f5a
- name: github.com/juju/errors
  version: c7d06af17c68cd34c835053720b21f6549d9b0ee
- name: github.com/prometheus/client_golang
  version: 967789050ba94deca04a5e84cce8ad472ce313c1
  subpackages:
  - prometheus
- name: github.com/stretchr/testify
  version: 12b6f73e6084dad08a7c6e575284b177ecafbc71
- name: github.com/thehivecorporation/log
  version: 35d08c98086ac888de6468ae2cd40cf414bfdde7
  subpackages:
  - writers/json
testImports: []
